
Microsoft Visual Studio Solution File, Format Version 12.00
# Visual Studio Version 16
VisualStudioVersion = 16.0.31410.357
MinimumVisualStudioVersion = 10.0.40219.1
Project("{FAE04EC0-301F-11D3-BF4B-00C04F79EFBC}") = "CL", "CL\CL.csproj", "{327F42D4-EA30-4E4B-B9F5-DC72A37B1A4D}"
EndProject
Global
	GlobalSection(SolutionConfigurationPlatforms) = preSolution
		Debug|Any CPU = Debug|Any CPU
		Release|Any CPU = Release|Any CPU
	EndGlobalSection
	GlobalSection(ProjectConfigurationPlatforms) = postSolution
		{327F42D4-EA30-4E4B-B9F5-DC72A37B1A4D}.Debug|Any CPU.ActiveCfg = Debug|Any CPU
		{327F42D4-EA30-4E4B-B9F5-DC72A37B1A4D}.Debug|Any CPU.Build.0 = Debug|Any CPU
		{327F42D4-EA30-4E4B-B9F5-DC72A37B1A4D}.Release|Any CPU.ActiveCfg = Release|Any CPU
		{327F42D4-EA30-4E4B-B9F5-DC72A37B1A4D}.Release|Any CPU.Build.0 = Release|Any CPU
	EndGlobalSection
	GlobalSection(SolutionProperties) = preSolution
		HideSolutionNode = FALSE
	EndGlobalSection
	GlobalSection(ExtensibilityGlobals) = postSolution
		SolutionGuid = {A0FB9FD5-7095-4248-8378-742C20412D1E}
	EndGlobalSection
EndGlobal
